
Microsoft Visual Studio Solution File, Format Version 12.00
# Visual Studio Version 17
VisualStudioVersion = 17.0.32014.148
MinimumVisualStudioVersion = 10.0.40219.1
Project("{2150E333-8FDC-42A3-9474-1A3956D46DE8}") = "src", "src", "{11C6C199-57BE-4397-B79C-86D5DE1C7912}"
EndProject
Project("{9A19103F-16F7-4668-BE54-9A1E7A4F7556}") = "PFClean.Domain", "PFClean.Domain\PFClean.Domain.csproj", "{8770DBDA-748B-4237-8B4D-CC90A5EE9CF5}"
EndProject
Project("{9A19103F-16F7-4668-BE54-9A1E7A4F7556}") = "PFClean.Infrastructure", "PFClean.Infrastructure\PFClean.Infrastructure.csproj", "{9AB400CE-BEDF-4DD2-B53B-C2E977D1EDF4}"
EndProject
Project("{9A19103F-16F7-4668-BE54-9A1E7A4F7556}") = "PFClean.Services", "PFClean.Services\PFClean.Services.csproj", "{E729AF39-4B57-4077-A2A2-7F20DA05486A}"
EndProject
Project("{2150E333-8FDC-42A3-9474-1A3956D46DE8}") = "Presentation Layer", "Presentation Layer", "{662C2331-A71D-438C-8210-B641E1CD4241}"
EndProject
Project("{9A19103F-16F7-4668-BE54-9A1E7A4F7556}") = "PFClean.API", "PFClean.API\PFClean.API.csproj", "{4515699C-488B-4B50-BE62-F835ED1DA20B}"
EndProject
Project("{9A19103F-16F7-4668-BE54-9A1E7A4F7556}") = "PFClean.Contracts", "PFClean.Contracts\PFClean.Contracts.csproj", "{1F6589B2-B209-4061-AA78-939E92729812}"
EndProject
Project("{9A19103F-16F7-4668-BE54-9A1E7A4F7556}") = "PFClean.Console", "PFClean.Console\PFClean.Console.csproj", "{194A8796-51EE-43EE-B071-5C7280DFF0E8}"
EndProject
Project("{FAE04EC0-301F-11D3-BF4B-00C04F79EFBC}") = "PFClean.Web", "PFClean.Web\PFClean.Web.csproj", "{3C0CAAB8-0D71-499E-8033-D9F31BBEF43E}"
EndProject
Global
	GlobalSection(SolutionConfigurationPlatforms) = preSolution
		Debug|Any CPU = Debug|Any CPU
		Release|Any CPU = Release|Any CPU
	EndGlobalSection
	GlobalSection(ProjectConfigurationPlatforms) = postSolution
		{8770DBDA-748B-4237-8B4D-CC90A5EE9CF5}.Debug|Any CPU.ActiveCfg = Debug|Any CPU
		{8770DBDA-748B-4237-8B4D-CC90A5EE9CF5}.Debug|Any CPU.Build.0 = Debug|Any CPU
		{8770DBDA-748B-4237-8B4D-CC90A5EE9CF5}.Release|Any CPU.ActiveCfg = Release|Any CPU
		{8770DBDA-748B-4237-8B4D-CC90A5EE9CF5}.Release|Any CPU.Build.0 = Release|Any CPU
		{9AB400CE-BEDF-4DD2-B53B-C2E977D1EDF4}.Debug|Any CPU.ActiveCfg = Debug|Any CPU
		{9AB400CE-BEDF-4DD2-B53B-C2E977D1EDF4}.Debug|Any CPU.Build.0 = Debug|Any CPU
		{9AB400CE-BEDF-4DD2-B53B-C2E977D1EDF4}.Release|Any CPU.ActiveCfg = Release|Any CPU
		{9AB400CE-BEDF-4DD2-B53B-C2E977D1EDF4}.Release|Any CPU.Build.0 = Release|Any CPU
		{E729AF39-4B57-4077-A2A2-7F20DA05486A}.Debug|Any CPU.ActiveCfg = Debug|Any CPU
		{E729AF39-4B57-4077-A2A2-7F20DA05486A}.Debug|Any CPU.Build.0 = Debug|Any CPU
		{E729AF39-4B57-4077-A2A2-7F20DA05486A}.Release|Any CPU.ActiveCfg = Release|Any CPU
		{E729AF39-4B57-4077-A2A2-7F20DA05486A}.Release|Any CPU.Build.0 = Release|Any CPU
		{4515699C-488B-4B50-BE62-F835ED1DA20B}.Debug|Any CPU.ActiveCfg = Debug|Any CPU
		{4515699C-488B-4B50-BE62-F835ED1DA20B}.Debug|Any CPU.Build.0 = Debug|Any CPU
		{4515699C-488B-4B50-BE62-F835ED1DA20B}.Release|Any CPU.ActiveCfg = Release|Any CPU
		{4515699C-488B-4B50-BE62-F835ED1DA20B}.Release|Any CPU.Build.0 = Release|Any CPU
		{1F6589B2-B209-4061-AA78-939E92729812}.Debug|Any CPU.ActiveCfg = Debug|Any CPU
		{1F6589B2-B209-4061-AA78-939E92729812}.Debug|Any CPU.Build.0 = Debug|Any CPU
		{1F6589B2-B209-4061-AA78-939E92729812}.Release|Any CPU.ActiveCfg = Release|Any CPU
		{1F6589B2-B209-4061-AA78-939E92729812}.Release|Any CPU.Build.0 = Release|Any CPU
		{194A8796-51EE-43EE-B071-5C7280DFF0E8}.Debug|Any CPU.ActiveCfg = Debug|Any CPU
		{194A8796-51EE-43EE-B071-5C7280DFF0E8}.Debug|Any CPU.Build.0 = Debug|Any CPU
		{194A8796-51EE-43EE-B071-5C7280DFF0E8}.Release|Any CPU.ActiveCfg = Release|Any CPU
		{194A8796-51EE-43EE-B071-5C7280DFF0E8}.Release|Any CPU.Build.0 = Release|Any CPU
		{3C0CAAB8-0D71-499E-8033-D9F31BBEF43E}.Debug|Any CPU.ActiveCfg = Debug|Any CPU
		{3C0CAAB8-0D71-499E-8033-D9F31BBEF43E}.Debug|Any CPU.Build.0 = Debug|Any CPU
		{3C0CAAB8-0D71-499E-8033-D9F31BBEF43E}.Release|Any CPU.ActiveCfg = Release|Any CPU
		{3C0CAAB8-0D71-499E-8033-D9F31BBEF43E}.Release|Any CPU.Build.0 = Release|Any CPU
	EndGlobalSection
	GlobalSection(SolutionProperties) = preSolution
		HideSolutionNode = FALSE
	EndGlobalSection
	GlobalSection(NestedProjects) = preSolution
		{8770DBDA-748B-4237-8B4D-CC90A5EE9CF5} = {11C6C199-57BE-4397-B79C-86D5DE1C7912}
		{9AB400CE-BEDF-4DD2-B53B-C2E977D1EDF4} = {11C6C199-57BE-4397-B79C-86D5DE1C7912}
		{E729AF39-4B57-4077-A2A2-7F20DA05486A} = {11C6C199-57BE-4397-B79C-86D5DE1C7912}
		{662C2331-A71D-438C-8210-B641E1CD4241} = {11C6C199-57BE-4397-B79C-86D5DE1C7912}
		{4515699C-488B-4B50-BE62-F835ED1DA20B} = {662C2331-A71D-438C-8210-B641E1CD4241}
		{1F6589B2-B209-4061-AA78-939E92729812} = {11C6C199-57BE-4397-B79C-86D5DE1C7912}
		{194A8796-51EE-43EE-B071-5C7280DFF0E8} = {662C2331-A71D-438C-8210-B641E1CD4241}
		{3C0CAAB8-0D71-499E-8033-D9F31BBEF43E} = {662C2331-A71D-438C-8210-B641E1CD4241}
	EndGlobalSection
	GlobalSection(ExtensibilityGlobals) = postSolution
		SolutionGuid = {6DF32B7C-092B-4C04-87CB-94B351511D1A}
	EndGlobalSection
EndGlobal
